
Microsoft Visual Studio Solution File, Format Version 12.00
# Visual Studio Version 17
VisualStudioVersion = 17.0.31912.275
MinimumVisualStudioVersion = 10.0.40219.1
Project("{2150E333-8FDC-42A3-9474-1A3956D46DE8}") = "BankingAccount", "BankingAccount", "{04B82EB2-73F4-49EA-9173-E072D827EBD7}"
EndProject
Project("{2150E333-8FDC-42A3-9474-1A3956D46DE8}") = "Microservices", "Microservices", "{1D9C475B-7C9D-4A9F-8886-4358F09F96DC}"
EndProject
Project("{2150E333-8FDC-42A3-9474-1A3956D46DE8}") = "CQRS", "CQRS", "{E21F0A99-C6BB-4ACC-87F4-B58E6E47BBFF}"
EndProject
Project("{2150E333-8FDC-42A3-9474-1A3956D46DE8}") = "Command", "Command", "{C55050D5-2A90-4A21-8BB1-ECC1C4BDEDCE}"
EndProject
Project("{2150E333-8FDC-42A3-9474-1A3956D46DE8}") = "Query", "Query", "{6F449803-F3E1-48CC-9990-053A436CAE4B}"
EndProject
Project("{9A19103F-16F7-4668-BE54-9A1E7A4F7556}") = "Banking.Cqrs.Core", "Banking.Cqrs.Core\Banking.Cqrs.Core.csproj", "{092912B0-C726-4462-AC39-E9AF491618A1}"
EndProject
Project("{2150E333-8FDC-42A3-9474-1A3956D46DE8}") = "Api", "Api", "{E6930C84-7F88-4AA1-92A7-C6E659F23A06}"
EndProject
Project("{2150E333-8FDC-42A3-9474-1A3956D46DE8}") = "Application", "Application", "{F2B373E6-6298-4883-96C2-10C8D769D5D8}"
EndProject
Project("{2150E333-8FDC-42A3-9474-1A3956D46DE8}") = "Domain", "Domain", "{515C7FB6-FB39-4513-9DE1-FA754B56CD17}"
EndProject
Project("{2150E333-8FDC-42A3-9474-1A3956D46DE8}") = "Infrastructure", "Infrastructure", "{84E9C30C-5FF2-418F-9672-56A9D56B360C}"
EndProject
Project("{9A19103F-16F7-4668-BE54-9A1E7A4F7556}") = "Banking.Account.Command.Domain", "Banking.Account.Command.Domain\Banking.Account.Command.Domain.csproj", "{95E6AA1D-EE97-475C-91DE-5833D777C646}"
EndProject
Project("{9A19103F-16F7-4668-BE54-9A1E7A4F7556}") = "Banking.Account.Command.Application", "Banking.Account.Command.Application\Banking.Account.Command.Application.csproj", "{77D20D01-BF4F-424B-B6EA-4BE226C02275}"
EndProject
Project("{9A19103F-16F7-4668-BE54-9A1E7A4F7556}") = "Banking.Account.Command.Infrastructure", "Banking.Account.Command.Infrastructure\Banking.Account.Command.Infrastructure.csproj", "{1416B1A6-A1B2-47B2-9F64-91FA909F68EE}"
EndProject
Project("{9A19103F-16F7-4668-BE54-9A1E7A4F7556}") = "Banking.Account.Command.Api", "Banking.Account.Command.Api\Banking.Account.Command.Api.csproj", "{4BD1A7FF-9282-4E02-98FC-91ED93F66784}"
EndProject
Project("{2150E333-8FDC-42A3-9474-1A3956D46DE8}") = "Api", "Api", "{78698EA6-7330-4397-A976-4669F4550945}"
EndProject
Project("{2150E333-8FDC-42A3-9474-1A3956D46DE8}") = "Application", "Application", "{37253393-32A2-4AC5-A4C3-3817DDAAB0EE}"
EndProject
Project("{2150E333-8FDC-42A3-9474-1A3956D46DE8}") = "Domain", "Domain", "{9F877075-D2FE-4B80-8E99-89B05654B371}"
EndProject
Project("{2150E333-8FDC-42A3-9474-1A3956D46DE8}") = "Infrastructure", "Infrastructure", "{81C5EF2A-06C4-4B9C-8D16-0311C370EF1A}"
EndProject
Project("{2150E333-8FDC-42A3-9474-1A3956D46DE8}") = "Consumer", "Consumer", "{ADFABC60-211F-4BA7-9868-DCA53B409BB0}"
EndProject
Project("{9A19103F-16F7-4668-BE54-9A1E7A4F7556}") = "Banking.Account.Query.Domain", "Banking.Account.Query.Domain\Banking.Account.Query.Domain.csproj", "{C8FB74FA-A0A1-4DDD-9CD6-84FCA5883770}"
EndProject
Project("{9A19103F-16F7-4668-BE54-9A1E7A4F7556}") = "Banking.Account.Query.Application", "Banking.Account.Query.Application\Banking.Account.Query.Application.csproj", "{7773DA2C-43F9-404D-BF45-7CE4D1062CB9}"
EndProject
Project("{FAE04EC0-301F-11D3-BF4B-00C04F79EFBC}") = "Banking.Account.Query.Infrastructure", "Banking.Account.Query.Infrastructure\Banking.Account.Query.Infrastructure.csproj", "{89723F0F-5DD9-4FD5-A564-5CF1612EFD9B}"
EndProject
Project("{FAE04EC0-301F-11D3-BF4B-00C04F79EFBC}") = "Banking.Account.Query.Api", "Banking.Account.Query.Api\Banking.Account.Query.Api.csproj", "{79BAF442-F9FF-4C1C-A2AD-1C7E9229520B}"
EndProject
Project("{FAE04EC0-301F-11D3-BF4B-00C04F79EFBC}") = "Banking.Account.Query.Consumer", "Banking.Account.Query.Consumer\Banking.Account.Query.Consumer.csproj", "{E79B0BD4-9BC0-43F5-913F-125EB1F6A123}"
EndProject
Global
	GlobalSection(SolutionConfigurationPlatforms) = preSolution
		Debug|Any CPU = Debug|Any CPU
		Release|Any CPU = Release|Any CPU
	EndGlobalSection
	GlobalSection(ProjectConfigurationPlatforms) = postSolution
		{092912B0-C726-4462-AC39-E9AF491618A1}.Debug|Any CPU.ActiveCfg = Debug|Any CPU
		{092912B0-C726-4462-AC39-E9AF491618A1}.Debug|Any CPU.Build.0 = Debug|Any CPU
		{092912B0-C726-4462-AC39-E9AF491618A1}.Release|Any CPU.ActiveCfg = Release|Any CPU
		{092912B0-C726-4462-AC39-E9AF491618A1}.Release|Any CPU.Build.0 = Release|Any CPU
		{95E6AA1D-EE97-475C-91DE-5833D777C646}.Debug|Any CPU.ActiveCfg = Debug|Any CPU
		{95E6AA1D-EE97-475C-91DE-5833D777C646}.Debug|Any CPU.Build.0 = Debug|Any CPU
		{95E6AA1D-EE97-475C-91DE-5833D777C646}.Release|Any CPU.ActiveCfg = Release|Any CPU
		{95E6AA1D-EE97-475C-91DE-5833D777C646}.Release|Any CPU.Build.0 = Release|Any CPU
		{77D20D01-BF4F-424B-B6EA-4BE226C02275}.Debug|Any CPU.ActiveCfg = Debug|Any CPU
		{77D20D01-BF4F-424B-B6EA-4BE226C02275}.Debug|Any CPU.Build.0 = Debug|Any CPU
		{77D20D01-BF4F-424B-B6EA-4BE226C02275}.Release|Any CPU.ActiveCfg = Release|Any CPU
		{77D20D01-BF4F-424B-B6EA-4BE226C02275}.Release|Any CPU.Build.0 = Release|Any CPU
		{1416B1A6-A1B2-47B2-9F64-91FA909F68EE}.Debug|Any CPU.ActiveCfg = Debug|Any CPU
		{1416B1A6-A1B2-47B2-9F64-91FA909F68EE}.Debug|Any CPU.Build.0 = Debug|Any CPU
		{1416B1A6-A1B2-47B2-9F64-91FA909F68EE}.Release|Any CPU.ActiveCfg = Release|Any CPU
		{1416B1A6-A1B2-47B2-9F64-91FA909F68EE}.Release|Any CPU.Build.0 = Release|Any CPU
		{4BD1A7FF-9282-4E02-98FC-91ED93F66784}.Debug|Any CPU.ActiveCfg = Debug|Any CPU
		{4BD1A7FF-9282-4E02-98FC-91ED93F66784}.Debug|Any CPU.Build.0 = Debug|Any CPU
		{4BD1A7FF-9282-4E02-98FC-91ED93F66784}.Release|Any CPU.ActiveCfg = Release|Any CPU
		{4BD1A7FF-9282-4E02-98FC-91ED93F66784}.Release|Any CPU.Build.0 = Release|Any CPU
		{C8FB74FA-A0A1-4DDD-9CD6-84FCA5883770}.Debug|Any CPU.ActiveCfg = Debug|Any CPU
		{C8FB74FA-A0A1-4DDD-9CD6-84FCA5883770}.Debug|Any CPU.Build.0 = Debug|Any CPU
		{C8FB74FA-A0A1-4DDD-9CD6-84FCA5883770}.Release|Any CPU.ActiveCfg = Release|Any CPU
		{C8FB74FA-A0A1-4DDD-9CD6-84FCA5883770}.Release|Any CPU.Build.0 = Release|Any CPU
		{7773DA2C-43F9-404D-BF45-7CE4D1062CB9}.Debug|Any CPU.ActiveCfg = Debug|Any CPU
		{7773DA2C-43F9-404D-BF45-7CE4D1062CB9}.Debug|Any CPU.Build.0 = Debug|Any CPU
		{7773DA2C-43F9-404D-BF45-7CE4D1062CB9}.Release|Any CPU.ActiveCfg = Release|Any CPU
		{7773DA2C-43F9-404D-BF45-7CE4D1062CB9}.Release|Any CPU.Build.0 = Release|Any CPU
		{89723F0F-5DD9-4FD5-A564-5CF1612EFD9B}.Debug|Any CPU.ActiveCfg = Debug|Any CPU
		{89723F0F-5DD9-4FD5-A564-5CF1612EFD9B}.Debug|Any CPU.Build.0 = Debug|Any CPU
		{89723F0F-5DD9-4FD5-A564-5CF1612EFD9B}.Release|Any CPU.ActiveCfg = Release|Any CPU
		{89723F0F-5DD9-4FD5-A564-5CF1612EFD9B}.Release|Any CPU.Build.0 = Release|Any CPU
		{79BAF442-F9FF-4C1C-A2AD-1C7E9229520B}.Debug|Any CPU.ActiveCfg = Debug|Any CPU
		{79BAF442-F9FF-4C1C-A2AD-1C7E9229520B}.Debug|Any CPU.Build.0 = Debug|Any CPU
		{79BAF442-F9FF-4C1C-A2AD-1C7E9229520B}.Release|Any CPU.ActiveCfg = Release|Any CPU
		{79BAF442-F9FF-4C1C-A2AD-1C7E9229520B}.Release|Any CPU.Build.0 = Release|Any CPU
		{E79B0BD4-9BC0-43F5-913F-125EB1F6A123}.Debug|Any CPU.ActiveCfg = Debug|Any CPU
		{E79B0BD4-9BC0-43F5-913F-125EB1F6A123}.Debug|Any CPU.Build.0 = Debug|Any CPU
		{E79B0BD4-9BC0-43F5-913F-125EB1F6A123}.Release|Any CPU.ActiveCfg = Release|Any CPU
		{E79B0BD4-9BC0-43F5-913F-125EB1F6A123}.Release|Any CPU.Build.0 = Release|Any CPU
	EndGlobalSection
	GlobalSection(SolutionProperties) = preSolution
		HideSolutionNode = FALSE
	EndGlobalSection
	GlobalSection(NestedProjects) = preSolution
		{1D9C475B-7C9D-4A9F-8886-4358F09F96DC} = {04B82EB2-73F4-49EA-9173-E072D827EBD7}
		{C55050D5-2A90-4A21-8BB1-ECC1C4BDEDCE} = {1D9C475B-7C9D-4A9F-8886-4358F09F96DC}
		{6F449803-F3E1-48CC-9990-053A436CAE4B} = {1D9C475B-7C9D-4A9F-8886-4358F09F96DC}
		{092912B0-C726-4462-AC39-E9AF491618A1} = {E21F0A99-C6BB-4ACC-87F4-B58E6E47BBFF}
		{E6930C84-7F88-4AA1-92A7-C6E659F23A06} = {C55050D5-2A90-4A21-8BB1-ECC1C4BDEDCE}
		{F2B373E6-6298-4883-96C2-10C8D769D5D8} = {C55050D5-2A90-4A21-8BB1-ECC1C4BDEDCE}
		{515C7FB6-FB39-4513-9DE1-FA754B56CD17} = {C55050D5-2A90-4A21-8BB1-ECC1C4BDEDCE}
		{84E9C30C-5FF2-418F-9672-56A9D56B360C} = {C55050D5-2A90-4A21-8BB1-ECC1C4BDEDCE}
		{95E6AA1D-EE97-475C-91DE-5833D777C646} = {515C7FB6-FB39-4513-9DE1-FA754B56CD17}
		{77D20D01-BF4F-424B-B6EA-4BE226C02275} = {F2B373E6-6298-4883-96C2-10C8D769D5D8}
		{1416B1A6-A1B2-47B2-9F64-91FA909F68EE} = {84E9C30C-5FF2-418F-9672-56A9D56B360C}
		{4BD1A7FF-9282-4E02-98FC-91ED93F66784} = {E6930C84-7F88-4AA1-92A7-C6E659F23A06}
		{78698EA6-7330-4397-A976-4669F4550945} = {6F449803-F3E1-48CC-9990-053A436CAE4B}
		{37253393-32A2-4AC5-A4C3-3817DDAAB0EE} = {6F449803-F3E1-48CC-9990-053A436CAE4B}
		{9F877075-D2FE-4B80-8E99-89B05654B371} = {6F449803-F3E1-48CC-9990-053A436CAE4B}
		{81C5EF2A-06C4-4B9C-8D16-0311C370EF1A} = {6F449803-F3E1-48CC-9990-053A436CAE4B}
		{ADFABC60-211F-4BA7-9868-DCA53B409BB0} = {6F449803-F3E1-48CC-9990-053A436CAE4B}
		{C8FB74FA-A0A1-4DDD-9CD6-84FCA5883770} = {9F877075-D2FE-4B80-8E99-89B05654B371}
		{7773DA2C-43F9-404D-BF45-7CE4D1062CB9} = {37253393-32A2-4AC5-A4C3-3817DDAAB0EE}
		{89723F0F-5DD9-4FD5-A564-5CF1612EFD9B} = {81C5EF2A-06C4-4B9C-8D16-0311C370EF1A}
		{79BAF442-F9FF-4C1C-A2AD-1C7E9229520B} = {78698EA6-7330-4397-A976-4669F4550945}
		{E79B0BD4-9BC0-43F5-913F-125EB1F6A123} = {ADFABC60-211F-4BA7-9868-DCA53B409BB0}
	EndGlobalSection
	GlobalSection(ExtensibilityGlobals) = postSolution
		SolutionGuid = {85C1F3E9-21DA-4471-BFC4-09581F94C6CB}
	EndGlobalSection
EndGlobal
